
Microsoft Visual Studio Solution File, Format Version 12.00
# Visual Studio 14
VisualStudioVersion = 14.0.23107.0
MinimumVisualStudioVersion = 10.0.40219.1
Project("{888888A0-9F3D-457C-B088-3A5042F75D52}") = "impact-of-dependence", "impact-of-dependence.pyproj", "{3DB500F2-2F10-4BF7-806D-3B3AAF6D83E9}"
EndProject
Global
	GlobalSection(SolutionConfigurationPlatforms) = preSolution
		Debug|Any CPU = Debug|Any CPU
		Release|Any CPU = Release|Any CPU
	EndGlobalSection
	GlobalSection(ProjectConfigurationPlatforms) = postSolution
		{3DB500F2-2F10-4BF7-806D-3B3AAF6D83E9}.Debug|Any CPU.ActiveCfg = Debug|Any CPU
		{3DB500F2-2F10-4BF7-806D-3B3AAF6D83E9}.Release|Any CPU.ActiveCfg = Release|Any CPU
	EndGlobalSection
	GlobalSection(SolutionProperties) = preSolution
		HideSolutionNode = FALSE
	EndGlobalSection
EndGlobal
